github.com/dgrijalva/jwt-go v3.2.0+incompatible h1:7qlOGliEKZXTDg6OTjfoBKDXWrumCAMpl/TFQ4/5kLM=
github.com/dgrijalva/jwt-go v3.2.0+incompatible/go.mod h1:E3ru+11k8xSBh+hMPgOLZmtrrCbhqsmaPHjLKYnJCaQ=
github.com/dustin/go-humanize v1.0.0 h1:VSnTsYCnlFHaM2/igO1h6X3HA71jcobQuxemgkq4zYo=
github.com/dustin/go-humanize v1.0.0/go.mod h1:HtrtbFcZ19U5GC7JDqmcUSB87Iq5E25KnS6fMYU6eOk=
github.com/fatih/color v1.7.0 h1:DkWD4oS2D8LGGgTQ6IvwJJXSL5Vp2ffcQg58nFV38Ys=
github.com/fatih/color v1.7.0/go.mod h1:Zm6kSWBoL9eyXnKyktHP6abPY2pDugNf5KwzbycvMj4=
github.com/felixge/httpsnoop v1.0.0 h1:gh8fMGz0rlOv/1WmRZm7OgncIOTsAj21iNJot48omJQ=
github.com/felixge/httpsnoop v1.0.0/go.mod h1:3+D9sFq0ahK/JeJPhCBUV1xlf4/eIYrUQaxulT0VzX8=
github.com/go-sql-driver/mysql v1.4.1 h1:g24URVg0OFbNUTx9qqY1IRZ9D9z3iPyi5zKhQZpNwpA=
github.com/go-sql-driver/mysql v1.4.1/go.mod h1:zAC/RDZ24gD3HViQzih4MyKcchzm+sOG5ZlKdlhCg5w=
github.com/google/go-github v17.0.0+incompatible h1:N0LgJ1j65A7kfXrZnUDaYCs/Sf4rEjNlfyDHW9dolSY=
github.com/google/go-github v17.0.0+incompatible/go.mod h1:zLgOLi98H3fifZn+44m+umXrS52loVEgC2AApnigrVQ=
github.com/google/go-querystring v1.0.0 h1:Xkwi/a1rcvNg1PPYe5vI8GbeBY/jrVuDX5ASuANWTrk=
github.com/google/go-querystring v1.0.0/go.mod h1:odCYkC5MyYFN7vkCjXpyrEuKhc/BUO6wN/zVPAxq5ck=
github.com/jinzhu/gorm v1.9.2 h1:lCvgEaqe/HVE+tjAR2mt4HbbHAZsQOv3XAZiEZV37iw=
github.com/jinzhu/gorm v1.9.2/go.mod h1:Vla75njaFJ8clLU1W44h34PjIkijhjHIYnZxMqCdxqo=
github.com/jinzhu/inflection v0.0.0-20180308033659-04140366298a h1:eeaG9XMUvRBYXJi4pg1ZKM7nxc5AfXfojeLLW7O5J3k=
github.com/jinzhu/inflection v0.0.0-20180308033659-04140366298a/go.mod h1:h+uFLlag+Qp1Va5pdKtLDYj+kHp5pxUVkryuEj+Srlc=
github.com/julienschmidt/httprouter v1.2.0 h1:TDTW5Yz1mjftljbcKqRcrYhd4XeOoI98t+9HbQbYf7g=
github.com/julienschmidt/httprouter v1.2.0/go.mod h1:SYymIcj16QtmaHHD7aYtjjsJG7VTCxuUUipMqKk8s4w=
github.com/mattn/go-colorable v0.0.9 h1:UVL0vNpWh04HeJXV0KLcaT7r06gOH2l4OW6ddYRUIY4=
github.com/mattn/go-colorable v0.0.9/go.mod h1:9vuHe8Xs5qXnSaW/c/ABM9alt+Vo+STaOChaDxuIBZU=
github.com/mattn/go-isatty v0.0.4 h1:bnP0vzxcAdeI1zdubAl5PjU6zsERjGZb7raWodagDYs=
github.com/mattn/go-isatty v0.0.4/go.mod h1:M+lRXTBqGeGNdLjl/ufCoiOlB5xdOkqRJdNxMWT7Zi4=
github.com/mitchellh/go-homedir v1.0.0 h1:vKb8ShqSby24Yrqr/yDYkuFz8d0WUjys40rvnGC8aR0=
github.com/mitchellh/go-homedir v1.0.0/go.mod h1:SfyaCUpYCn1Vlf4IUYiD9fPX4A5wJrkLzIz1N1q0pr0=
github.com/rakyll/statik v0.1.5 h1:Ly2UjURzxnsSYS0zI50fZ+srA+Fu7EbpV5hglvJvJG0=
github.com/rakyll/statik v0.1.5/go.mod h1:OEi9wJV/fMUAGx1eNjq75DKDsJVuEv1U0oYdX6GX8Zs=
golang.org/x/crypto v0.0.0-20181127143415-eb0de9b17e85 h1:et7+NAX3lLIk5qUCTA9QelBjGE/NkhzYw/mhnr0s7nI=
golang.org/x/crypto v0.0.0-20181127143415-eb0de9b17e85/go.mod h1:6SG95UA2DQfeDnfUPMdvaQW0Q7yPrPDi9nlGo2tz2b4=
golang.org/x/net v0.0.0-20181129055619-fae4c4e3ad76 h1:xx5MUFyRQRbPk6VjWjIE1epE/K5AoDD8QUN116NCy8k=
golang.org/x/net v0.0.0-20181129055619-fae4c4e3ad76/go.mod h1:mL1N/T3taQHkDXs73rZJwtUhF3w3ftmwwsq0BUmARs4=
golang.org/x/oauth2 v0.0.0-20181128211412-28207608b838 h1:Tfp63pG3E68J3jSmfXHbBoEgU5jJm6bGQCcDvQr1Yb0=
golang.org/x/oauth2 v0.0.0-20181128211412-28207608b838/go.mod h1:N/0e6XlmueqKjAGxoOufVs8QHGRruUQn6yWY3a++T0U=
golang.org/x/text v0.3.0 h1:g61tztE5qeGQ89tm6NTjjM9VPIm088od1l6aSorWRWg=
golang.org/x/text v0.3.0/go.mod h1:NqM8EUOU14njkJ3fqMW+pc6Ldnwhi/IjpwHt7yyuwOQ=
